
Microsoft Visual Studio Solution File, Format Version 12.00
# Visual Studio Version 17
VisualStudioVersion = 17.4.33213.308
MinimumVisualStudioVersion = 10.0.40219.1
Project("{FAE04EC0-301F-11D3-BF4B-00C04F79EFBC}") = "Api.App.WspAdministration", "Api.App.WspAdministration\Api.App.WspAdministration.csproj", "{2EF609C6-74E3-4144-A302-6E56511C1F3F}"
EndProject
Project("{2150E333-8FDC-42A3-9474-1A3956D46DE8}") = "Abstraction", "Abstraction", "{02BC0DF0-4C1F-415A-ABB6-7790B16920D3}"
EndProject
Project("{2150E333-8FDC-42A3-9474-1A3956D46DE8}") = "App", "App", "{A5F6C37A-8463-4CD7-9374-6FF6720B0C14}"
EndProject
Project("{2150E333-8FDC-42A3-9474-1A3956D46DE8}") = "Application", "Application", "{D8D0D733-1488-4A70-BEF2-38587EBCA136}"
EndProject
Project("{FAE04EC0-301F-11D3-BF4B-00C04F79EFBC}") = "WSP.ABSTRACTION.DATAACCESS", "WSP.ABSTRACTION.DATAACCESS\WSP.ABSTRACTION.DATAACCESS.csproj", "{8BB21635-5BFA-4D15-A625-059781667C3D}"
EndProject
Project("{FAE04EC0-301F-11D3-BF4B-00C04F79EFBC}") = "WSP.ABSTRACTION.ENTITIES", "WSP.ABSTRACTION.ENTITIES\WSP.ABSTRACTION.ENTITIES.csproj", "{665180BD-22E6-4D09-852B-B6E9040D0AFB}"
EndProject
Project("{FAE04EC0-301F-11D3-BF4B-00C04F79EFBC}") = "WSP.ABSTRACTION.LOGGER", "WSP.ABSTRACTION.LOGGER\WSP.ABSTRACTION.LOGGER.csproj", "{82DC29C2-1E5D-497B-A3A9-B76DB4E279E8}"
EndProject
Project("{FAE04EC0-301F-11D3-BF4B-00C04F79EFBC}") = "WSP.APPLICATION.BUSSINESS", "WSP.APPLICATION.BUSSINESS\WSP.APPLICATION.BUSSINESS.csproj", "{ABED8187-0221-4EDE-9743-E2F8B67B111B}"
EndProject
Project("{FAE04EC0-301F-11D3-BF4B-00C04F79EFBC}") = "WSP.APPLICATION.CONNECTION.SERVICES", "WSP.APPLICATION.CONNECTION.SERVICES\WSP.APPLICATION.CONNECTION.SERVICES.csproj", "{05AA3B67-7AEB-492E-AB14-1B2DA82B7E35}"
EndProject
Global
	GlobalSection(SolutionConfigurationPlatforms) = preSolution
		Debug|Any CPU = Debug|Any CPU
		Release|Any CPU = Release|Any CPU
	EndGlobalSection
	GlobalSection(ProjectConfigurationPlatforms) = postSolution
		{2EF609C6-74E3-4144-A302-6E56511C1F3F}.Debug|Any CPU.ActiveCfg = Debug|Any CPU
		{2EF609C6-74E3-4144-A302-6E56511C1F3F}.Debug|Any CPU.Build.0 = Debug|Any CPU
		{2EF609C6-74E3-4144-A302-6E56511C1F3F}.Release|Any CPU.ActiveCfg = Release|Any CPU
		{2EF609C6-74E3-4144-A302-6E56511C1F3F}.Release|Any CPU.Build.0 = Release|Any CPU
		{8BB21635-5BFA-4D15-A625-059781667C3D}.Debug|Any CPU.ActiveCfg = Debug|Any CPU
		{8BB21635-5BFA-4D15-A625-059781667C3D}.Debug|Any CPU.Build.0 = Debug|Any CPU
		{8BB21635-5BFA-4D15-A625-059781667C3D}.Release|Any CPU.ActiveCfg = Release|Any CPU
		{8BB21635-5BFA-4D15-A625-059781667C3D}.Release|Any CPU.Build.0 = Release|Any CPU
		{665180BD-22E6-4D09-852B-B6E9040D0AFB}.Debug|Any CPU.ActiveCfg = Debug|Any CPU
		{665180BD-22E6-4D09-852B-B6E9040D0AFB}.Debug|Any CPU.Build.0 = Debug|Any CPU
		{665180BD-22E6-4D09-852B-B6E9040D0AFB}.Release|Any CPU.ActiveCfg = Release|Any CPU
		{665180BD-22E6-4D09-852B-B6E9040D0AFB}.Release|Any CPU.Build.0 = Release|Any CPU
		{82DC29C2-1E5D-497B-A3A9-B76DB4E279E8}.Debug|Any CPU.ActiveCfg = Debug|Any CPU
		{82DC29C2-1E5D-497B-A3A9-B76DB4E279E8}.Debug|Any CPU.Build.0 = Debug|Any CPU
		{82DC29C2-1E5D-497B-A3A9-B76DB4E279E8}.Release|Any CPU.ActiveCfg = Release|Any CPU
		{82DC29C2-1E5D-497B-A3A9-B76DB4E279E8}.Release|Any CPU.Build.0 = Release|Any CPU
		{ABED8187-0221-4EDE-9743-E2F8B67B111B}.Debug|Any CPU.ActiveCfg = Debug|Any CPU
		{ABED8187-0221-4EDE-9743-E2F8B67B111B}.Debug|Any CPU.Build.0 = Debug|Any CPU
		{ABED8187-0221-4EDE-9743-E2F8B67B111B}.Release|Any CPU.ActiveCfg = Release|Any CPU
		{ABED8187-0221-4EDE-9743-E2F8B67B111B}.Release|Any CPU.Build.0 = Release|Any CPU
		{05AA3B67-7AEB-492E-AB14-1B2DA82B7E35}.Debug|Any CPU.ActiveCfg = Debug|Any CPU
		{05AA3B67-7AEB-492E-AB14-1B2DA82B7E35}.Debug|Any CPU.Build.0 = Debug|Any CPU
		{05AA3B67-7AEB-492E-AB14-1B2DA82B7E35}.Release|Any CPU.ActiveCfg = Release|Any CPU
		{05AA3B67-7AEB-492E-AB14-1B2DA82B7E35}.Release|Any CPU.Build.0 = Release|Any CPU
	EndGlobalSection
	GlobalSection(SolutionProperties) = preSolution
		HideSolutionNode = FALSE
	EndGlobalSection
	GlobalSection(NestedProjects) = preSolution
		{2EF609C6-74E3-4144-A302-6E56511C1F3F} = {A5F6C37A-8463-4CD7-9374-6FF6720B0C14}
		{8BB21635-5BFA-4D15-A625-059781667C3D} = {02BC0DF0-4C1F-415A-ABB6-7790B16920D3}
		{665180BD-22E6-4D09-852B-B6E9040D0AFB} = {02BC0DF0-4C1F-415A-ABB6-7790B16920D3}
		{82DC29C2-1E5D-497B-A3A9-B76DB4E279E8} = {02BC0DF0-4C1F-415A-ABB6-7790B16920D3}
		{ABED8187-0221-4EDE-9743-E2F8B67B111B} = {D8D0D733-1488-4A70-BEF2-38587EBCA136}
		{05AA3B67-7AEB-492E-AB14-1B2DA82B7E35} = {D8D0D733-1488-4A70-BEF2-38587EBCA136}
	EndGlobalSection
	GlobalSection(ExtensibilityGlobals) = postSolution
		SolutionGuid = {100FE85B-4754-4D2E-9C40-0390C195A582}
	EndGlobalSection
EndGlobal
